
Microsoft Visual Studio Solution File, Format Version 12.00
# Visual Studio Version 16
VisualStudioVersion = 16.0.31829.152
MinimumVisualStudioVersion = 10.0.40219.1
Project("{8BC9CEB8-8B4A-11D0-8D11-00A0C91BC942}") = "OpenGL Context", "OpenGL Context.vcxproj", "{F089344B-BFC2-4A3D-A0FB-FE2EDA7EB1F1}"
EndProject
Global
	GlobalSection(SolutionConfigurationPlatforms) = preSolution
		Debug|x64 = Debug|x64
		Debug|x86 = Debug|x86
		Release|x64 = Release|x64
		Release|x86 = Release|x86
	EndGlobalSection
	GlobalSection(ProjectConfigurationPlatforms) = postSolution
		{F089344B-BFC2-4A3D-A0FB-FE2EDA7EB1F1}.Debug|x64.ActiveCfg = Debug|x64
		{F089344B-BFC2-4A3D-A0FB-FE2EDA7EB1F1}.Debug|x64.Build.0 = Debug|x64
		{F089344B-BFC2-4A3D-A0FB-FE2EDA7EB1F1}.Debug|x86.ActiveCfg = Debug|Win32
		{F089344B-BFC2-4A3D-A0FB-FE2EDA7EB1F1}.Debug|x86.Build.0 = Debug|Win32
		{F089344B-BFC2-4A3D-A0FB-FE2EDA7EB1F1}.Release|x64.ActiveCfg = Release|x64
		{F089344B-BFC2-4A3D-A0FB-FE2EDA7EB1F1}.Release|x64.Build.0 = Release|x64
		{F089344B-BFC2-4A3D-A0FB-FE2EDA7EB1F1}.Release|x86.ActiveCfg = Release|Win32
		{F089344B-BFC2-4A3D-A0FB-FE2EDA7EB1F1}.Release|x86.Build.0 = Release|Win32
	EndGlobalSection
	GlobalSection(SolutionProperties) = preSolution
		HideSolutionNode = FALSE
	EndGlobalSection
	GlobalSection(ExtensibilityGlobals) = postSolution
		SolutionGuid = {AFA60DF6-E5DC-428F-89E7-6D53CA8F6A57}
	EndGlobalSection
EndGlobal
